
Microsoft Visual Studio Solution File, Format Version 12.00
# Visual Studio Version 16
VisualStudioVersion = 16.0.28803.352
MinimumVisualStudioVersion = 10.0.40219.1
Project("{FAE04EC0-301F-11D3-BF4B-00C04F79EFBC}") = "MainMenu", "MainMenu\MainMenu.csproj", "{016F2E75-6322-4352-BFB0-201C1517C05F}"
EndProject
Global
	GlobalSection(SolutionConfigurationPlatforms) = preSolution
		Debug|Any CPU = Debug|Any CPU
		Release|Any CPU = Release|Any CPU
	EndGlobalSection
	GlobalSection(ProjectConfigurationPlatforms) = postSolution
		{016F2E75-6322-4352-BFB0-201C1517C05F}.Debug|Any CPU.ActiveCfg = Debug|Any CPU
		{016F2E75-6322-4352-BFB0-201C1517C05F}.Debug|Any CPU.Build.0 = Debug|Any CPU
		{016F2E75-6322-4352-BFB0-201C1517C05F}.Release|Any CPU.ActiveCfg = Release|Any CPU
		{016F2E75-6322-4352-BFB0-201C1517C05F}.Release|Any CPU.Build.0 = Release|Any CPU
	EndGlobalSection
	GlobalSection(SolutionProperties) = preSolution
		HideSolutionNode = FALSE
	EndGlobalSection
	GlobalSection(ExtensibilityGlobals) = postSolution
		SolutionGuid = {0457D8C8-E8F9-4471-85AF-B0589CCEC064}
	EndGlobalSection
EndGlobal
